// !$*UTF8*$!
{
	archiveVersion = 1;
	classes = {
	};
	objectVersion = 50;
	objects = {

/* Begin PBXBuildFile section */
		9BC71F55262E0ABE00A8B9EC /* ToggledApp.swift in Sources */ = {isa = PBXBuildFile; fileRef = 9BC71F54262E0ABE00A8B9EC /* ToggledApp.swift */; };
		9BC71F57262E0ABE00A8B9EC /* ContentView.swift in Sources */ = {isa = PBXBuildFile; fileRef = 9BC71F56262E0ABE00A8B9EC /* ContentView.swift */; };
		9BC71F59262E0ABF00A8B9EC /* Assets.xcassets in Resources */ = {isa = PBXBuildFile; fileRef = 9BC71F58262E0ABF00A8B9EC /* Assets.xcassets */; };
		9BC71F5C262E0ABF00A8B9EC /* Preview Assets.xcassets in Resources */ = {isa = PBXBuildFile; fileRef = 9BC71F5B262E0ABF00A8B9EC /* Preview Assets.xcassets */; };
		9BC71F67262E0ABF00A8B9EC /* ToggledTests.swift in Sources */ = {isa = PBXBuildFile; fileRef = 9BC71F66262E0ABF00A8B9EC /* ToggledTests.swift */; };
		9BC71F72262E0ABF00A8B9EC /* ToggledUITests.swift in Sources */ = {isa = PBXBuildFile; fileRef = 9BC71F71262E0ABF00A8B9EC /* ToggledUITests.swift */; };
		9BC71F83262E166900A8B9EC /* SwitchModule.swift in Sources */ = {isa = PBXBuildFile; fileRef = 9BC71F82262E166900A8B9EC /* SwitchModule.swift */; };
/* End PBXBuildFile section */

/* Begin PBXContainerItemProxy section */
		9BC71F63262E0ABF00A8B9EC /* PBXContainerItemProxy */ = {
			isa = PBXContainerItemProxy;
			containerPortal = 9BC71F49262E0ABD00A8B9EC /* Project object */;
			proxyType = 1;
			remoteGlobalIDString = 9BC71F50262E0ABE00A8B9EC;
			remoteInfo = Toggled;
		};
		9BC71F6E262E0ABF00A8B9EC /* PBXContainerItemProxy */ = {
			isa = PBXContainerItemProxy;
			containerPortal = 9BC71F49262E0ABD00A8B9EC /* Project object */;
			proxyType = 1;
			remoteGlobalIDString = 9BC71F50262E0ABE00A8B9EC;
			remoteInfo = Toggled;
		};
/* End PBXContainerItemProxy section */

/* Begin PBXFileReference section */
		9BC71F51262E0ABE00A8B9EC /* Toggled.app */ = {isa = PBXFileReference; explicitFileType = wrapper.application; includeInIndex = 0; path = Toggled.app; sourceTree = BUILT_PRODUCTS_DIR; };
		9BC71F54262E0ABE00A8B9EC /* ToggledApp.swift */ = {isa = PBXFileReference; lastKnownFileType = sourcecode.swift; path = ToggledApp.swift; sourceTree = "<group>"; };
		9BC71F56262E0ABE00A8B9EC /* ContentView.swift */ = {isa = PBXFileReference; lastKnownFileType = sourcecode.swift; path = ContentView.swift; sourceTree = "<group>"; };
		9BC71F58262E0ABF00A8B9EC /* Assets.xcassets */ = {isa = PBXFileReference; lastKnownFileType = folder.assetcatalog; path = Assets.xcassets; sourceTree = "<group>"; };
		9BC71F5B262E0ABF00A8B9EC /* Preview Assets.xcassets */ = {isa = PBXFileReference; lastKnownFileType = folder.assetcatalog; path = "Preview Assets.xcassets"; sourceTree = "<group>"; };
		9BC71F5D262E0ABF00A8B9EC /* Info.plist */ = {isa = PBXFileReference; lastKnownFileType = text.plist.xml; path = Info.plist; sourceTree = "<group>"; };
		9BC71F62262E0ABF00A8B9EC /* ToggledTests.xctest */ = {isa = PBXFileReference; explicitFileType = wrapper.cfbundle; includeInIndex = 0; path = ToggledTests.xctest; sourceTree = BUILT_PRODUCTS_DIR; };
		9BC71F66262E0ABF00A8B9EC /* ToggledTests.swift */ = {isa = PBXFileReference; lastKnownFileType = sourcecode.swift; path = ToggledTests.swift; sourceTree = "<group>"; };
		9BC71F68262E0ABF00A8B9EC /* Info.plist */ = {isa = PBXFileReference; lastKnownFileType = text.plist.xml; path = Info.plist; sourceTree = "<group>"; };
		9BC71F6D262E0ABF00A8B9EC /* ToggledUITests.xctest */ = {isa = PBXFileReference; explicitFileType = wrapper.cfbundle; includeInIndex = 0; path = ToggledUITests.xctest; sourceTree = BUILT_PRODUCTS_DIR; };
		9BC71F71262E0ABF00A8B9EC /* ToggledUITests.swift */ = {isa = PBXFileReference; lastKnownFileType = sourcecode.swift; path = ToggledUITests.swift; sourceTree = "<group>"; };
		9BC71F73262E0ABF00A8B9EC /* Info.plist */ = {isa = PBXFileReference; lastKnownFileType = text.plist.xml; path = Info.plist; sourceTree = "<group>"; };
		9BC71F82262E166900A8B9EC /* SwitchModule.swift */ = {isa = PBXFileReference; lastKnownFileType = sourcecode.swift; path = SwitchModule.swift; sourceTree = "<group>"; };
/* End PBXFileReference section */

/* Begin PBXFrameworksBuildPhase section */
		9BC71F4E262E0ABE00A8B9EC /* Frameworks */ = {
			isa = PBXFrameworksBuildPhase;
			buildActionMask = 2147483647;
			files = (
			);
			runOnlyForDeploymentPostprocessing = 0;
		};
		9BC71F5F262E0ABF00A8B9EC /* Frameworks */ = {
			isa = PBXFrameworksBuildPhase;
			buildActionMask = 2147483647;
			files = (
			);
			runOnlyForDeploymentPostprocessing = 0;
		};
		9BC71F6A262E0ABF00A8B9EC /* Frameworks */ = {
			isa = PBXFrameworksBuildPhase;
			buildActionMask = 2147483647;
			files = (
			);
			runOnlyForDeploymentPostprocessing = 0;
		};
/* End PBXFrameworksBuildPhase section */

/* Begin PBXGroup section */
		9BC71F48262E0ABD00A8B9EC = {
			isa = PBXGroup;
			children = (
				9BC71F53262E0ABE00A8B9EC /* Toggled */,
				9BC71F65262E0ABF00A8B9EC /* ToggledTests */,
				9BC71F70262E0ABF00A8B9EC /* ToggledUITests */,
				9BC71F52262E0ABE00A8B9EC /* Products */,
			);
			sourceTree = "<group>";
		};
		9BC71F52262E0ABE00A8B9EC /* Products */ = {
			isa = PBXGroup;
			children = (
				9BC71F51262E0ABE00A8B9EC /* Toggled.app */,
				9BC71F62262E0ABF00A8B9EC /* ToggledTests.xctest */,
				9BC71F6D262E0ABF00A8B9EC /* ToggledUITests.xctest */,
			);
			name = Products;
			sourceTree = "<group>";
		};
		9BC71F53262E0ABE00A8B9EC /* Toggled */ = {
			isa = PBXGroup;
			children = (
				9BC71F54262E0ABE00A8B9EC /* ToggledApp.swift */,
				9BC71F56262E0ABE00A8B9EC /* ContentView.swift */,
				9BC71F82262E166900A8B9EC /* SwitchModule.swift */,
				9BC71F58262E0ABF00A8B9EC /* Assets.xcassets */,
				9BC71F5D262E0ABF00A8B9EC /* Info.plist */,
				9BC71F5A262E0ABF00A8B9EC /* Preview Content */,
			);
			path = Toggled;
			sourceTree = "<group>";
		};
		9BC71F5A262E0ABF00A8B9EC /* Preview Content */ = {
			isa = PBXGroup;
			children = (
				9BC71F5B262E0ABF00A8B9EC /* Preview Assets.xcassets */,
			);
			path = "Preview Content";
			sourceTree = "<group>";
		};
		9BC71F65262E0ABF00A8B9EC /* ToggledTests */ = {
			isa = PBXGroup;
			children = (
				9BC71F66262E0ABF00A8B9EC /* ToggledTests.swift */,
				9BC71F68262E0ABF00A8B9EC /* Info.plist */,
			);
			path = ToggledTests;
			sourceTree = "<group>";
		};
		9BC71F70262E0ABF00A8B9EC /* ToggledUITests */ = {
			isa = PBXGroup;
			children = (
				9BC71F71262E0ABF00A8B9EC /* ToggledUITests.swift */,
				9BC71F73262E0ABF00A8B9EC /* Info.plist */,
			);
			path = ToggledUITests;
			sourceTree = "<group>";
		};
/* End PBXGroup section */

/* Begin PBXNativeTarget section */
		9BC71F50262E0ABE00A8B9EC /* Toggled */ = {
			isa = PBXNativeTarget;
			buildConfigurationList = 9BC71F76262E0ABF00A8B9EC /* Build configuration list for PBXNativeTarget "Toggled" */;
			buildPhases = (
				9BC71F4D262E0ABE00A8B9EC /* Sources */,
				9BC71F4E262E0ABE00A8B9EC /* Frameworks */,
				9BC71F4F262E0ABE00A8B9EC /* Resources */,
			);
			buildRules = (
			);
			dependencies = (
			);
			name = Toggled;
			productName = Toggled;
			productReference = 9BC71F51262E0ABE00A8B9EC /* Toggled.app */;
			productType = "com.apple.product-type.application";
		};
		9BC71F61262E0ABF00A8B9EC /* ToggledTests */ = {
			isa = PBXNativeTarget;
			buildConfigurationList = 9BC71F79262E0ABF00A8B9EC /* Build configuration list for PBXNativeTarget "ToggledTests" */;
			buildPhases = (
				9BC71F5E262E0ABF00A8B9EC /* Sources */,
				9BC71F5F262E0ABF00A8B9EC /* Frameworks */,
				9BC71F60262E0ABF00A8B9EC /* Resources */,
			);
			buildRules = (
			);
			dependencies = (
				9BC71F64262E0ABF00A8B9EC /* PBXTargetDependency */,
			);
			name = ToggledTests;
			productName = ToggledTests;
			productReference = 9BC71F62262E0ABF00A8B9EC /* ToggledTests.xctest */;
			productType = "com.apple.product-type.bundle.unit-test";
		};
		9BC71F6C262E0ABF00A8B9EC /* ToggledUITests */ = {
			isa = PBXNativeTarget;
			buildConfigurationList = 9BC71F7C262E0ABF00A8B9EC /* Build configuration list for PBXNativeTarget "ToggledUITests" */;
			buildPhases = (
				9BC71F69262E0ABF00A8B9EC /* Sources */,
				9BC71F6A262E0ABF00A8B9EC /* Frameworks */,
				9BC71F6B262E0ABF00A8B9EC /* Resources */,
			);
			buildRules = (
			);
			dependencies = (
				9BC71F6F262E0ABF00A8B9EC /* PBXTargetDependency */,
			);
			name = ToggledUITests;
			productName = ToggledUITests;
			productReference = 9BC71F6D262E0ABF00A8B9EC /* ToggledUITests.xctest */;
			productType = "com.apple.product-type.bundle.ui-testing";
		};
/* End PBXNativeTarget section */

/* Begin PBXProject section */
		9BC71F49262E0ABD00A8B9EC /* Project object */ = {
			isa = PBXProject;
			attributes = {
				LastSwiftUpdateCheck = 1240;
				LastUpgradeCheck = 1240;
				TargetAttributes = {
					9BC71F50262E0ABE00A8B9EC = {
						CreatedOnToolsVersion = 12.4;
					};
					9BC71F61262E0ABF00A8B9EC = {
						CreatedOnToolsVersion = 12.4;
						TestTargetID = 9BC71F50262E0ABE00A8B9EC;
					};
					9BC71F6C262E0ABF00A8B9EC = {
						CreatedOnToolsVersion = 12.4;
						TestTargetID = 9BC71F50262E0ABE00A8B9EC;
					};
				};
			};
			buildConfigurationList = 9BC71F4C262E0ABD00A8B9EC /* Build configuration list for PBXProject "Toggled" */;
			compatibilityVersion = "Xcode 9.3";
			developmentRegion = en;
			hasScannedForEncodings = 0;
			knownRegions = (
				en,
				Base,
			);
			mainGroup = 9BC71F48262E0ABD00A8B9EC;
			productRefGroup = 9BC71F52262E0ABE00A8B9EC /* Products */;
			projectDirPath = "";
			projectRoot = "";
			targets = (
				9BC71F50262E0ABE00A8B9EC /* Toggled */,
				9BC71F61262E0ABF00A8B9EC /* ToggledTests */,
				9BC71F6C262E0ABF00A8B9EC /* ToggledUITests */,
			);
		};
/* End PBXProject section */

/* Begin PBXResourcesBuildPhase section */
		9BC71F4F262E0ABE00A8B9EC /* Resources */ = {
			isa = PBXResourcesBuildPhase;
			buildActionMask = 2147483647;
			files = (
				9BC71F5C262E0ABF00A8B9EC /* Preview Assets.xcassets in Resources */,
				9BC71F59262E0ABF00A8B9EC /* Assets.xcassets in Resources */,
			);
			runOnlyForDeploymentPostprocessing = 0;
		};
		9BC71F60262E0ABF00A8B9EC /* Resources */ = {
			isa = PBXResourcesBuildPhase;
			buildActionMask = 2147483647;
			files = (
			);
			runOnlyForDeploymentPostprocessing = 0;
		};
		9BC71F6B262E0ABF00A8B9EC /* Resources */ = {
			isa = PBXResourcesBuildPhase;
			buildActionMask = 2147483647;
			files = (
			);
			runOnlyForDeploymentPostprocessing = 0;
		};
/* End PBXResourcesBuildPhase section */

/* Begin PBXSourcesBuildPhase section */
		9BC71F4D262E0ABE00A8B9EC /* Sources */ = {
			isa = PBXSourcesBuildPhase;
			buildActionMask = 2147483647;
			files = (
				9BC71F57262E0ABE00A8B9EC /* ContentView.swift in Sources */,
				9BC71F83262E166900A8B9EC /* SwitchModule.swift in Sources */,
				9BC71F55262E0ABE00A8B9EC /* ToggledApp.swift in Sources */,
			);
			runOnlyForDeploymentPostprocessing = 0;
		};
		9BC71F5E262E0ABF00A8B9EC /* Sources */ = {
			isa = PBXSourcesBuildPhase;
			buildActionMask = 2147483647;
			files = (
				9BC71F67262E0ABF00A8B9EC /* ToggledTests.swift in Sources */,
			);
			runOnlyForDeploymentPostprocessing = 0;
		};
		9BC71F69262E0ABF00A8B9EC /* Sources */ = {
			isa = PBXSourcesBuildPhase;
			buildActionMask = 2147483647;
			files = (
				9BC71F72262E0ABF00A8B9EC /* ToggledUITests.swift in Sources */,
			);
			runOnlyForDeploymentPostprocessing = 0;
		};
/* End PBXSourcesBuildPhase section */

/* Begin PBXTargetDependency section */
		9BC71F64262E0ABF00A8B9EC /* PBXTargetDependency */ = {
			isa = PBXTargetDependency;
			target = 9BC71F50262E0ABE00A8B9EC /* Toggled */;
			targetProxy = 9BC71F63262E0ABF00A8B9EC /* PBXContainerItemProxy */;
		};
		9BC71F6F262E0ABF00A8B9EC /* PBXTargetDependency */ = {
			isa = PBXTargetDependency;
			target = 9BC71F50262E0ABE00A8B9EC /* Toggled */;
			targetProxy = 9BC71F6E262E0ABF00A8B9EC /* PBXContainerItemProxy */;
		};
/* End PBXTargetDependency section */

/* Begin XCBuildConfiguration section */
		9BC71F74262E0ABF00A8B9EC /* Debug */ = {
			isa = XCBuildConfiguration;
			buildSettings = {
				ALWAYS_SEARCH_USER_PATHS = NO;
				CLANG_ANALYZER_NONNULL = YES;
				CLANG_ANALYZER_NUMBER_OBJECT_CONVERSION = YES_AGGRESSIVE;
				CLANG_CXX_LANGUAGE_STANDARD = "gnu++14";
				CLANG_CXX_LIBRARY = "libc++";
				CLANG_ENABLE_MODULES = YES;
				CLANG_ENABLE_OBJC_ARC = YES;
				CLANG_ENABLE_OBJC_WEAK = YES;
				CLANG_WARN_BLOCK_CAPTURE_AUTORELEASING = YES;
				CLANG_WARN_BOOL_CONVERSION = YES;
				CLANG_WARN_COMMA = YES;
				CLANG_WARN_CONSTANT_CONVERSION = YES;
				CLANG_WARN_DEPRECATED_OBJC_IMPLEMENTATIONS = YES;
				CLANG_WARN_DIRECT_OBJC_ISA_USAGE = YES_ERROR;
				CLANG_WARN_DOCUMENTATION_COMMENTS = YES;
				CLANG_WARN_EMPTY_BODY = YES;
				CLANG_WARN_ENUM_CONVERSION = YES;
				CLANG_WARN_INFINITE_RECURSION = YES;
				CLANG_WARN_INT_CONVERSION = YES;
				CLANG_WARN_NON_LITERAL_NULL_CONVERSION = YES;
				CLANG_WARN_OBJC_IMPLICIT_RETAIN_SELF = YES;
				CLANG_WARN_OBJC_LITERAL_CONVERSION = YES;
				CLANG_WARN_OBJC_ROOT_CLASS = YES_ERROR;
				CLANG_WARN_QUOTED_INCLUDE_IN_FRAMEWORK_HEADER = YES;
				CLANG_WARN_RANGE_LOOP_ANALYSIS = YES;
				CLANG_WARN_STRICT_PROTOTYPES = YES;
				CLANG_WARN_SUSPICIOUS_MOVE = YES;
				CLANG_WARN_UNGUARDED_AVAILABILITY = YES_AGGRESSIVE;
				CLANG_WARN_UNREACHABLE_CODE = YES;
				CLANG_WARN__DUPLICATE_METHOD_MATCH = YES;
				COPY_PHASE_STRIP = NO;
				DEBUG_INFORMATION_FORMAT = dwarf;
				ENABLE_STRICT_OBJC_MSGSEND = YES;
				ENABLE_TESTABILITY = YES;
				GCC_C_LANGUAGE_STANDARD = gnu11;
				GCC_DYNAMIC_NO_PIC = NO;
				GCC_NO_COMMON_BLOCKS = YES;
				GCC_OPTIMIZATION_LEVEL = 0;
				GCC_PREPROCESSOR_DEFINITIONS = (
					"DEBUG=1",
					"$(inherited)",
				);
				GCC_WARN_64_TO_32_BIT_CONVERSION = YES;
				GCC_WARN_ABOUT_RETURN_TYPE = YES_ERROR;
				GCC_WARN_UNDECLARED_SELECTOR = YES;
				GCC_WARN_UNINITIALIZED_AUTOS = YES_AGGRESSIVE;
				GCC_WARN_UNUSED_FUNCTION = YES;
				GCC_WARN_UNUSED_VARIABLE = YES;
				IPHONEOS_DEPLOYMENT_TARGET = 14.4;
				MTL_ENABLE_DEBUG_INFO = INCLUDE_SOURCE;
				MTL_FAST_MATH = YES;
				ONLY_ACTIVE_ARCH = YES;
				SDKROOT = iphoneos;
				SWIFT_ACTIVE_COMPILATION_CONDITIONS = DEBUG;
				SWIFT_OPTIMIZATION_LEVEL = "-Onone";
			};
			name = Debug;
		};
		9BC71F75262E0ABF00A8B9EC /* Release */ = {
			isa = XCBuildConfiguration;
			buildSettings = {
				ALWAYS_SEARCH_USER_PATHS = NO;
				CLANG_ANALYZER_NONNULL = YES;
				CLANG_ANALYZER_NUMBER_OBJECT_CONVERSION = YES_AGGRESSIVE;
				CLANG_CXX_LANGUAGE_STANDARD = "gnu++14";
				CLANG_CXX_LIBRARY = "libc++";
				CLANG_ENABLE_MODULES = YES;
				CLANG_ENABLE_OBJC_ARC = YES;
				CLANG_ENABLE_OBJC_WEAK = YES;
				CLANG_WARN_BLOCK_CAPTURE_AUTORELEASING = YES;
				CLANG_WARN_BOOL_CONVERSION = YES;
				CLANG_WARN_COMMA = YES;
				CLANG_WARN_CONSTANT_CONVERSION = YES;
				CLANG_WARN_DEPRECATED_OBJC_IMPLEMENTATIONS = YES;
				CLANG_WARN_DIRECT_OBJC_ISA_USAGE = YES_ERROR;
				CLANG_WARN_DOCUMENTATION_COMMENTS = YES;
				CLANG_WARN_EMPTY_BODY = YES;
				CLANG_WARN_ENUM_CONVERSION = YES;
				CLANG_WARN_INFINITE_RECURSION = YES;
				CLANG_WARN_INT_CONVERSION = YES;
				CLANG_WARN_NON_LITERAL_NULL_CONVERSION = YES;
				CLANG_WARN_OBJC_IMPLICIT_RETAIN_SELF = YES;
				CLANG_WARN_OBJC_LITERAL_CONVERSION = YES;
				CLANG_WARN_OBJC_ROOT_CLASS = YES_ERROR;
				CLANG_WARN_QUOTED_INCLUDE_IN_FRAMEWORK_HEADER = YES;
				CLANG_WARN_RANGE_LOOP_ANALYSIS = YES;
				CLANG_WARN_STRICT_PROTOTYPES = YES;
				CLANG_WARN_SUSPICIOUS_MOVE = YES;
				CLANG_WARN_UNGUARDED_AVAILABILITY = YES_AGGRESSIVE;
				CLANG_WARN_UNREACHABLE_CODE = YES;
				CLANG_WARN__DUPLICATE_METHOD_MATCH = YES;
				COPY_PHASE_STRIP = NO;
				DEBUG_INFORMATION_FORMAT = "dwarf-with-dsym";
				ENABLE_NS_ASSERTIONS = NO;
				ENABLE_STRICT_OBJC_MSGSEND = YES;
				GCC_C_LANGUAGE_STANDARD = gnu11;
				GCC_NO_COMMON_BLOCKS = YES;
				GCC_WARN_64_TO_32_BIT_CONVERSION = YES;
				GCC_WARN_ABOUT_RETURN_TYPE = YES_ERROR;
				GCC_WARN_UNDECLARED_SELECTOR = YES;
				GCC_WARN_UNINITIALIZED_AUTOS = YES_AGGRESSIVE;
				GCC_WARN_UNUSED_FUNCTION = YES;
				GCC_WARN_UNUSED_VARIABLE = YES;
				IPHONEOS_DEPLOYMENT_TARGET = 14.4;
				MTL_ENABLE_DEBUG_INFO = NO;
				MTL_FAST_MATH = YES;
				SDKROOT = iphoneos;
				SWIFT_COMPILATION_MODE = wholemodule;
				SWIFT_OPTIMIZATION_LEVEL = "-O";
				VALIDATE_PRODUCT = YES;
			};
			name = Release;
		};
		9BC71F77262E0ABF00A8B9EC /* Debug */ = {
			isa = XCBuildConfiguration;
			buildSettings = {
				ASSETCATALOG_COMPILER_APPICON_NAME = AppIcon;
				ASSETCATALOG_COMPILER_GLOBAL_ACCENT_COLOR_NAME = AccentColor;
				CODE_SIGN_STYLE = Automatic;
				DEVELOPMENT_ASSET_PATHS = "\"Toggled/Preview Content\"";
				DEVELOPMENT_TEAM = ZYTKCJ322J;
				ENABLE_PREVIEWS = YES;
				INFOPLIST_FILE = Toggled/Info.plist;
				IPHONEOS_DEPLOYMENT_TARGET = 14.0;
				LD_RUNPATH_SEARCH_PATHS = (
					"$(inherited)",
					"@executable_path/Frameworks",
				);
				PRODUCT_BUNDLE_IDENTIFIER = bugwilliams.com.Toggled;
				PRODUCT_NAME = "$(TARGET_NAME)";
				SWIFT_VERSION = 5.0;
				TARGETED_DEVICE_FAMILY = "1,2";
			};
			name = Debug;
		};
		9BC71F78262E0ABF00A8B9EC /* Release */ = {
			isa = XCBuildConfiguration;
			buildSettings = {
				ASSETCATALOG_COMPILER_APPICON_NAME = AppIcon;
				ASSETCATALOG_COMPILER_GLOBAL_ACCENT_COLOR_NAME = AccentColor;
				CODE_SIGN_STYLE = Automatic;
				DEVELOPMENT_ASSET_PATHS = "\"Toggled/Preview Content\"";
				DEVELOPMENT_TEAM = ZYTKCJ322J;
				ENABLE_PREVIEWS = YES;
				INFOPLIST_FILE = Toggled/Info.plist;
				IPHONEOS_DEPLOYMENT_TARGET = 14.0;
				LD_RUNPATH_SEARCH_PATHS = (
					"$(inherited)",
					"@executable_path/Frameworks",
				);
				PRODUCT_BUNDLE_IDENTIFIER = bugwilliams.com.Toggled;
				PRODUCT_NAME = "$(TARGET_NAME)";
				SWIFT_VERSION = 5.0;
				TARGETED_DEVICE_FAMILY = "1,2";
			};
			name = Release;
		};
		9BC71F7A262E0ABF00A8B9EC /* Debug */ = {
			isa = XCBuildConfiguration;
			buildSettings = {
				ALWAYS_EMBED_SWIFT_STANDARD_LIBRARIES = YES;
				BUNDLE_LOADER = "$(TEST_HOST)";
				CODE_SIGN_STYLE = Automatic;
				DEVELOPMENT_TEAM = ZYTKCJ322J;
				INFOPLIST_FILE = ToggledTests/Info.plist;
				IPHONEOS_DEPLOYMENT_TARGET = 14.0;
				LD_RUNPATH_SEARCH_PATHS = (
					"$(inherited)",
					"@executable_path/Frameworks",
					"@loader_path/Frameworks",
				);
				PRODUCT_BUNDLE_IDENTIFIER = bugwilliams.com.ToggledTests;
				PRODUCT_NAME = "$(TARGET_NAME)";
				SWIFT_VERSION = 5.0;
				TARGETED_DEVICE_FAMILY = "1,2";
				TEST_HOST = "$(BUILT_PRODUCTS_DIR)/Toggled.app/Toggled";
			};
			name = Debug;
		};
		9BC71F7B262E0ABF00A8B9EC /* Release */ = {
			isa = XCBuildConfiguration;
			buildSettings = {
				ALWAYS_EMBED_SWIFT_STANDARD_LIBRARIES = YES;
				BUNDLE_LOADER = "$(TEST_HOST)";
				CODE_SIGN_STYLE = Automatic;
				DEVELOPMENT_TEAM = ZYTKCJ322J;
				INFOPLIST_FILE = ToggledTests/Info.plist;
				IPHONEOS_DEPLOYMENT_TARGET = 14.0;
				LD_RUNPATH_SEARCH_PATHS = (
					"$(inherited)",
					"@executable_path/Frameworks",
					"@loader_path/Frameworks",
				);
				PRODUCT_BUNDLE_IDENTIFIER = bugwilliams.com.ToggledTests;
				PRODUCT_NAME = "$(TARGET_NAME)";
				SWIFT_VERSION = 5.0;
				TARGETED_DEVICE_FAMILY = "1,2";
				TEST_HOST = "$(BUILT_PRODUCTS_DIR)/Toggled.app/Toggled";
			};
			name = Release;
		};
		9BC71F7D262E0ABF00A8B9EC /* Debug */ = {
			isa = XCBuildConfiguration;
			buildSettings = {
				ALWAYS_EMBED_SWIFT_STANDARD_LIBRARIES = YES;
				CODE_SIGN_STYLE = Automatic;
				DEVELOPMENT_TEAM = ZYTKCJ322J;
				INFOPLIST_FILE = ToggledUITests/Info.plist;
				LD_RUNPATH_SEARCH_PATHS = (
					"$(inherited)",
					"@executable_path/Frameworks",
					"@loader_path/Frameworks",
				);
				PRODUCT_BUNDLE_IDENTIFIER = bugwilliams.com.ToggledUITests;
				PRODUCT_NAME = "$(TARGET_NAME)";
				SWIFT_VERSION = 5.0;
				TARGETED_DEVICE_FAMILY = "1,2";
				TEST_TARGET_NAME = Toggled;
			};
			name = Debug;
		};
		9BC71F7E262E0ABF00A8B9EC /* Release */ = {
			isa = XCBuildConfiguration;
			buildSettings = {
				ALWAYS_EMBED_SWIFT_STANDARD_LIBRARIES = YES;
				CODE_SIGN_STYLE = Automatic;
				DEVELOPMENT_TEAM = ZYTKCJ322J;
				INFOPLIST_FILE = ToggledUITests/Info.plist;
				LD_RUNPATH_SEARCH_PATHS = (
					"$(inherited)",
					"@executable_path/Frameworks",
					"@loader_path/Frameworks",
				);
				PRODUCT_BUNDLE_IDENTIFIER = bugwilliams.com.ToggledUITests;
				PRODUCT_NAME = "$(TARGET_NAME)";
				SWIFT_VERSION = 5.0;
				TARGETED_DEVICE_FAMILY = "1,2";
				TEST_TARGET_NAME = Toggled;
			};
			name = Release;
		};
/* End XCBuildConfiguration section */

/* Begin XCConfigurationList section */
		9BC71F4C262E0ABD00A8B9EC /* Build configuration list for PBXProject "Toggled" */ = {
			isa = XCConfigurationList;
			buildConfigurations = (
				9BC71F74262E0ABF00A8B9EC /* Debug */,
				9BC71F75262E0ABF00A8B9EC /* Release */,
			);
			defaultConfigurationIsVisible = 0;
			defaultConfigurationName = Release;
		};
		9BC71F76262E0ABF00A8B9EC /* Build configuration list for PBXNativeTarget "Toggled" */ = {
			isa = XCConfigurationList;
			buildConfigurations = (
				9BC71F77262E0ABF00A8B9EC /* Debug */,
				9BC71F78262E0ABF00A8B9EC /* Release */,
			);
			defaultConfigurationIsVisible = 0;
			defaultConfigurationName = Release;
		};
		9BC71F79262E0ABF00A8B9EC /* Build configuration list for PBXNativeTarget "ToggledTests" */ = {
			isa = XCConfigurationList;
			buildConfigurations = (
				9BC71F7A262E0ABF00A8B9EC /* Debug */,
				9BC71F7B262E0ABF00A8B9EC /* Release */,
			);
			defaultConfigurationIsVisible = 0;
			defaultConfigurationName = Release;
		};
		9BC71F7C262E0ABF00A8B9EC /* Build configuration list for PBXNativeTarget "ToggledUITests" */ = {
			isa = XCConfigurationList;
			buildConfigurations = (
				9BC71F7D262E0ABF00A8B9EC /* Debug */,
				9BC71F7E262E0ABF00A8B9EC /* Release */,
			);
			defaultConfigurationIsVisible = 0;
			defaultConfigurationName = Release;
		};
/* End XCConfigurationList section */
	};
	rootObject = 9BC71F49262E0ABD00A8B9EC /* Project object */;
}
